# This file is automatically @generated by Cargo.
# It is not intended for manual editing.
[[package]]
name = "cpuid"
version = "0.1.1"
source = "registry+https://github.com/rust-lang/crates.io-index"
checksum = "a0c4b055219ace68cabfbb8071c4aad068565d11b67e092e151b17b9fd3bdba9"
dependencies = [
 "libc",
]

[[package]]
name = "libc"
version = "0.2.95"
source = "registry+https://github.com/rust-lang/crates.io-index"
checksum = "789da6d93f1b866ffe175afc5322a4d76c038605a1c3319bb57b06967ca98a36"

[[package]]
name = "rfetch"
version = "0.1.0"
dependencies = [
 "cpuid",
]
